
Microsoft Visual Studio Solution File, Format Version 12.00
# Visual Studio 15
VisualStudioVersion = 15.0.28307.329
MinimumVisualStudioVersion = 10.0.40219.1
Project("{888888A0-9F3D-457C-B088-3A5042F75D52}") = "GUI", "GUI\GUI.pyproj", "{037018ED-2058-483C-8A66-C2352951EF0B}"
EndProject
Global
	GlobalSection(SolutionConfigurationPlatforms) = preSolution
		Debug|Any CPU = Debug|Any CPU
		Release|Any CPU = Release|Any CPU
	EndGlobalSection
	GlobalSection(ProjectConfigurationPlatforms) = postSolution
		{037018ED-2058-483C-8A66-C2352951EF0B}.Debug|Any CPU.ActiveCfg = Debug|Any CPU
		{037018ED-2058-483C-8A66-C2352951EF0B}.Release|Any CPU.ActiveCfg = Release|Any CPU
	EndGlobalSection
	GlobalSection(SolutionProperties) = preSolution
		HideSolutionNode = FALSE
	EndGlobalSection
	GlobalSection(ExtensibilityGlobals) = postSolution
		SolutionGuid = {69082149-B26A-4AD3-B9D1-D87E6B15B7C5}
	EndGlobalSection
EndGlobal
